// !$*UTF8*$!
{
	archiveVersion = 1;
	classes = {
	};
	objectVersion = 50;
	objects = {

/* Begin PBXBuildFile section */
		1EB3AFA1D8ED81156F7129A8 /* Pods_Cazaar.framework in Frameworks */ = {isa = PBXBuildFile; fileRef = 0C9A6EE8EA489EF9828AD370 /* Pods_Cazaar.framework */; };
		FC1E42B723BDD48B0043701C /* Chat.swift in Sources */ = {isa = PBXBuildFile; fileRef = FC1E42B623BDD48B0043701C /* Chat.swift */; };
		FC2CD26A23C4395D000F1316 /* PostViewController.swift in Sources */ = {isa = PBXBuildFile; fileRef = FC2CD26923C4395D000F1316 /* PostViewController.swift */; };
		FC2CD26C23C462E2000F1316 /* PostTableViewCell.swift in Sources */ = {isa = PBXBuildFile; fileRef = FC2CD26B23C462E2000F1316 /* PostTableViewCell.swift */; };
		FC81B63623B5C84B00D1FC7E /* AppDelegate.swift in Sources */ = {isa = PBXBuildFile; fileRef = FC81B63523B5C84B00D1FC7E /* AppDelegate.swift */; };
		FC81B63C23B5C85000D1FC7E /* Assets.xcassets in Resources */ = {isa = PBXBuildFile; fileRef = FC81B63B23B5C85000D1FC7E /* Assets.xcassets */; };
		FC81B63F23B5C85000D1FC7E /* Preview Assets.xcassets in Resources */ = {isa = PBXBuildFile; fileRef = FC81B63E23B5C85000D1FC7E /* Preview Assets.xcassets */; };
		FC81B64223B5C85100D1FC7E /* LaunchScreen.storyboard in Resources */ = {isa = PBXBuildFile; fileRef = FC81B64023B5C85000D1FC7E /* LaunchScreen.storyboard */; };
		FC81B64C23B5CA6A00D1FC7E /* TabViewController.swift in Sources */ = {isa = PBXBuildFile; fileRef = FC81B64B23B5CA6A00D1FC7E /* TabViewController.swift */; };
		FC81B64E23B5CAF500D1FC7E /* ChatViewController.swift in Sources */ = {isa = PBXBuildFile; fileRef = FC81B64D23B5CAF500D1FC7E /* ChatViewController.swift */; };
		FC81B65023B5CB0800D1FC7E /* FindViewController.swift in Sources */ = {isa = PBXBuildFile; fileRef = FC81B64F23B5CB0800D1FC7E /* FindViewController.swift */; };
		FC81B65223B5CB1600D1FC7E /* SettingViewController.swift in Sources */ = {isa = PBXBuildFile; fileRef = FC81B65123B5CB1600D1FC7E /* SettingViewController.swift */; };
		FCBFD00C23B5D34900BAB3DE /* ChatTableViewCell.swift in Sources */ = {isa = PBXBuildFile; fileRef = FCBFD00B23B5D34800BAB3DE /* ChatTableViewCell.swift */; };
		FCCADF9823BEF5C7003148A4 /* FindCollectionViewCell.swift in Sources */ = {isa = PBXBuildFile; fileRef = FCCADF9723BEF5C7003148A4 /* FindCollectionViewCell.swift */; };
		FCCADF9A23BF2B47003148A4 /* Management.swift in Sources */ = {isa = PBXBuildFile; fileRef = FCCADF9923BF2B47003148A4 /* Management.swift */; };
		FCCADF9C23C3060A003148A4 /* AddPostViewController.swift in Sources */ = {isa = PBXBuildFile; fileRef = FCCADF9B23C3060A003148A4 /* AddPostViewController.swift */; };
		FCCADF9E23C321A9003148A4 /* Post.swift in Sources */ = {isa = PBXBuildFile; fileRef = FCCADF9D23C321A9003148A4 /* Post.swift */; };
		FCCADFA023C3225F003148A4 /* System.swift in Sources */ = {isa = PBXBuildFile; fileRef = FCCADF9F23C3225F003148A4 /* System.swift */; };
		FCD5F7A123C73F60009D231C /* LogInViewController.swift in Sources */ = {isa = PBXBuildFile; fileRef = FCD5F7A023C73F60009D231C /* LogInViewController.swift */; };
		FCD5F7A323C745C8009D231C /* SignUpViewController.swift in Sources */ = {isa = PBXBuildFile; fileRef = FCD5F7A223C745C8009D231C /* SignUpViewController.swift */; };
/* End PBXBuildFile section */

/* Begin PBXFileReference section */
		0C9A6EE8EA489EF9828AD370 /* Pods_Cazaar.framework */ = {isa = PBXFileReference; explicitFileType = wrapper.framework; includeInIndex = 0; path = Pods_Cazaar.framework; sourceTree = BUILT_PRODUCTS_DIR; };
		70AE89A806CC4E8C3C1D785B /* Pods-Cazaar.debug.xcconfig */ = {isa = PBXFileReference; includeInIndex = 1; lastKnownFileType = text.xcconfig; name = "Pods-Cazaar.debug.xcconfig"; path = "Pods/Target Support Files/Pods-Cazaar/Pods-Cazaar.debug.xcconfig"; sourceTree = "<group>"; };
		EBD409D9F09CEB1166DE466F /* Pods-Cazaar.release.xcconfig */ = {isa = PBXFileReference; includeInIndex = 1; lastKnownFileType = text.xcconfig; name = "Pods-Cazaar.release.xcconfig"; path = "Pods/Target Support Files/Pods-Cazaar/Pods-Cazaar.release.xcconfig"; sourceTree = "<group>"; };
		FC1E42B623BDD48B0043701C /* Chat.swift */ = {isa = PBXFileReference; lastKnownFileType = sourcecode.swift; path = Chat.swift; sourceTree = "<group>"; };
		FC2CD26923C4395D000F1316 /* PostViewController.swift */ = {isa = PBXFileReference; lastKnownFileType = sourcecode.swift; path = PostViewController.swift; sourceTree = "<group>"; };
		FC2CD26B23C462E2000F1316 /* PostTableViewCell.swift */ = {isa = PBXFileReference; lastKnownFileType = sourcecode.swift; path = PostTableViewCell.swift; sourceTree = "<group>"; };
		FC81B63223B5C84B00D1FC7E /* Cazaar.app */ = {isa = PBXFileReference; explicitFileType = wrapper.application; includeInIndex = 0; path = Cazaar.app; sourceTree = BUILT_PRODUCTS_DIR; };
		FC81B63523B5C84B00D1FC7E /* AppDelegate.swift */ = {isa = PBXFileReference; lastKnownFileType = sourcecode.swift; path = AppDelegate.swift; sourceTree = "<group>"; };
		FC81B63B23B5C85000D1FC7E /* Assets.xcassets */ = {isa = PBXFileReference; lastKnownFileType = folder.assetcatalog; path = Assets.xcassets; sourceTree = "<group>"; };
		FC81B63E23B5C85000D1FC7E /* Preview Assets.xcassets */ = {isa = PBXFileReference; lastKnownFileType = folder.assetcatalog; path = "Preview Assets.xcassets"; sourceTree = "<group>"; };
		FC81B64123B5C85100D1FC7E /* Base */ = {isa = PBXFileReference; lastKnownFileType = file.storyboard; name = Base; path = Base.lproj/LaunchScreen.storyboard; sourceTree = "<group>"; };
		FC81B64323B5C85100D1FC7E /* Info.plist */ = {isa = PBXFileReference; lastKnownFileType = text.plist.xml; path = Info.plist; sourceTree = "<group>"; };
		FC81B64B23B5CA6A00D1FC7E /* TabViewController.swift */ = {isa = PBXFileReference; lastKnownFileType = sourcecode.swift; path = TabViewController.swift; sourceTree = "<group>"; };
		FC81B64D23B5CAF500D1FC7E /* ChatViewController.swift */ = {isa = PBXFileReference; lastKnownFileType = sourcecode.swift; path = ChatViewController.swift; sourceTree = "<group>"; };
		FC81B64F23B5CB0800D1FC7E /* FindViewController.swift */ = {isa = PBXFileReference; lastKnownFileType = sourcecode.swift; path = FindViewController.swift; sourceTree = "<group>"; };
		FC81B65123B5CB1600D1FC7E /* SettingViewController.swift */ = {isa = PBXFileReference; lastKnownFileType = sourcecode.swift; path = SettingViewController.swift; sourceTree = "<group>"; };
		FCBFD00B23B5D34800BAB3DE /* ChatTableViewCell.swift */ = {isa = PBXFileReference; lastKnownFileType = sourcecode.swift; path = ChatTableViewCell.swift; sourceTree = "<group>"; };
		FCCADF9723BEF5C7003148A4 /* FindCollectionViewCell.swift */ = {isa = PBXFileReference; lastKnownFileType = sourcecode.swift; name = FindCollectionViewCell.swift; path = Cazaar/FindCollectionViewCell.swift; sourceTree = SOURCE_ROOT; };
		FCCADF9923BF2B47003148A4 /* Management.swift */ = {isa = PBXFileReference; lastKnownFileType = sourcecode.swift; path = Management.swift; sourceTree = "<group>"; };
		FCCADF9B23C3060A003148A4 /* AddPostViewController.swift */ = {isa = PBXFileReference; lastKnownFileType = sourcecode.swift; path = AddPostViewController.swift; sourceTree = "<group>"; };
		FCCADF9D23C321A9003148A4 /* Post.swift */ = {isa = PBXFileReference; lastKnownFileType = sourcecode.swift; path = Post.swift; sourceTree = "<group>"; };
		FCCADF9F23C3225F003148A4 /* System.swift */ = {isa = PBXFileReference; lastKnownFileType = sourcecode.swift; path = System.swift; sourceTree = "<group>"; };
		FCD5F7A023C73F60009D231C /* LogInViewController.swift */ = {isa = PBXFileReference; lastKnownFileType = sourcecode.swift; path = LogInViewController.swift; sourceTree = "<group>"; };
		FCD5F7A223C745C8009D231C /* SignUpViewController.swift */ = {isa = PBXFileReference; lastKnownFileType = sourcecode.swift; path = SignUpViewController.swift; sourceTree = "<group>"; };
/* End PBXFileReference section */

/* Begin PBXFrameworksBuildPhase section */
		FC81B62F23B5C84B00D1FC7E /* Frameworks */ = {
			isa = PBXFrameworksBuildPhase;
			buildActionMask = 2147483647;
			files = (
				1EB3AFA1D8ED81156F7129A8 /* Pods_Cazaar.framework in Frameworks */,
			);
			runOnlyForDeploymentPostprocessing = 0;
		};
/* End PBXFrameworksBuildPhase section */

/* Begin PBXGroup section */
		9CA1A473CA5F005D6C9CE1F7 /* Pods */ = {
			isa = PBXGroup;
			children = (
				70AE89A806CC4E8C3C1D785B /* Pods-Cazaar.debug.xcconfig */,
				EBD409D9F09CEB1166DE466F /* Pods-Cazaar.release.xcconfig */,
			);
			name = Pods;
			sourceTree = "<group>";
		};
		E31BF2FC6FF71259A9C12A8C /* Frameworks */ = {
			isa = PBXGroup;
			children = (
				0C9A6EE8EA489EF9828AD370 /* Pods_Cazaar.framework */,
			);
			name = Frameworks;
			sourceTree = "<group>";
		};
		FC1E42B823BDD4BE0043701C /* ViewControllers */ = {
			isa = PBXGroup;
			children = (
				FCD5F7A023C73F60009D231C /* LogInViewController.swift */,
				FCD5F7A223C745C8009D231C /* SignUpViewController.swift */,
				FC81B64B23B5CA6A00D1FC7E /* TabViewController.swift */,
				FC81B64D23B5CAF500D1FC7E /* ChatViewController.swift */,
				FC81B64F23B5CB0800D1FC7E /* FindViewController.swift */,
				FCCADF9B23C3060A003148A4 /* AddPostViewController.swift */,
				FC2CD26923C4395D000F1316 /* PostViewController.swift */,
				FC81B65123B5CB1600D1FC7E /* SettingViewController.swift */,
			);
			path = ViewControllers;
			sourceTree = "<group>";
		};
		FC81B62923B5C84A00D1FC7E = {
			isa = PBXGroup;
			children = (
				FC81B63423B5C84B00D1FC7E /* Cazaar */,
				FC81B63323B5C84B00D1FC7E /* Products */,
				9CA1A473CA5F005D6C9CE1F7 /* Pods */,
				E31BF2FC6FF71259A9C12A8C /* Frameworks */,
			);
			sourceTree = "<group>";
		};
		FC81B63323B5C84B00D1FC7E /* Products */ = {
			isa = PBXGroup;
			children = (
				FC81B63223B5C84B00D1FC7E /* Cazaar.app */,
			);
			name = Products;
			sourceTree = "<group>";
		};
		FC81B63423B5C84B00D1FC7E /* Cazaar */ = {
			isa = PBXGroup;
			children = (
				FC81B63523B5C84B00D1FC7E /* AppDelegate.swift */,
				FC1E42B823BDD4BE0043701C /* ViewControllers */,
				FCBFD00B23B5D34800BAB3DE /* ChatTableViewCell.swift */,
				FCCADF9723BEF5C7003148A4 /* FindCollectionViewCell.swift */,
				FC2CD26B23C462E2000F1316 /* PostTableViewCell.swift */,
				FC1E42B623BDD48B0043701C /* Chat.swift */,
				FCCADF9923BF2B47003148A4 /* Management.swift */,
				FCCADF9D23C321A9003148A4 /* Post.swift */,
				FCCADF9F23C3225F003148A4 /* System.swift */,
				FC81B63B23B5C85000D1FC7E /* Assets.xcassets */,
				FC81B64023B5C85000D1FC7E /* LaunchScreen.storyboard */,
				FC81B64323B5C85100D1FC7E /* Info.plist */,
				FC81B63D23B5C85000D1FC7E /* Preview Content */,
			);
			path = Cazaar;
			sourceTree = "<group>";
		};
		FC81B63D23B5C85000D1FC7E /* Preview Content */ = {
			isa = PBXGroup;
			children = (
				FC81B63E23B5C85000D1FC7E /* Preview Assets.xcassets */,
			);
			path = "Preview Content";
			sourceTree = "<group>";
		};
/* End PBXGroup section */

/* Begin PBXNativeTarget section */
		FC81B63123B5C84B00D1FC7E /* Cazaar */ = {
			isa = PBXNativeTarget;
			buildConfigurationList = FC81B64623B5C85100D1FC7E /* Build configuration list for PBXNativeTarget "Cazaar" */;
			buildPhases = (
				C1AA5FA8E5716C0FAFC76A4E /* [CP] Check Pods Manifest.lock */,
				FC81B62E23B5C84B00D1FC7E /* Sources */,
				FC81B62F23B5C84B00D1FC7E /* Frameworks */,
				FC81B63023B5C84B00D1FC7E /* Resources */,
				951442D383C9E072B5526A8F /* [CP] Embed Pods Frameworks */,
			);
			buildRules = (
			);
			dependencies = (
			);
			name = Cazaar;
			productName = Cazaar;
			productReference = FC81B63223B5C84B00D1FC7E /* Cazaar.app */;
			productType = "com.apple.product-type.application";
		};
/* End PBXNativeTarget section */

/* Begin PBXProject section */
		FC81B62A23B5C84A00D1FC7E /* Project object */ = {
			isa = PBXProject;
			attributes = {
				LastSwiftUpdateCheck = 1130;
				LastUpgradeCheck = 1130;
				ORGANIZATIONNAME = myl142857;
				TargetAttributes = {
					FC81B63123B5C84B00D1FC7E = {
						CreatedOnToolsVersion = 11.3;
					};
				};
			};
			buildConfigurationList = FC81B62D23B5C84A00D1FC7E /* Build configuration list for PBXProject "Cazaar" */;
			compatibilityVersion = "Xcode 9.3";
			developmentRegion = en;
			hasScannedForEncodings = 0;
			knownRegions = (
				en,
				Base,
			);
			mainGroup = FC81B62923B5C84A00D1FC7E;
			productRefGroup = FC81B63323B5C84B00D1FC7E /* Products */;
			projectDirPath = "";
			projectRoot = "";
			targets = (
				FC81B63123B5C84B00D1FC7E /* Cazaar */,
			);
		};
/* End PBXProject section */

/* Begin PBXResourcesBuildPhase section */
		FC81B63023B5C84B00D1FC7E /* Resources */ = {
			isa = PBXResourcesBuildPhase;
			buildActionMask = 2147483647;
			files = (
				FC81B64223B5C85100D1FC7E /* LaunchScreen.storyboard in Resources */,
				FC81B63F23B5C85000D1FC7E /* Preview Assets.xcassets in Resources */,
				FC81B63C23B5C85000D1FC7E /* Assets.xcassets in Resources */,
			);
			runOnlyForDeploymentPostprocessing = 0;
		};
/* End PBXResourcesBuildPhase section */

/* Begin PBXShellScriptBuildPhase section */
		951442D383C9E072B5526A8F /* [CP] Embed Pods Frameworks */ = {
			isa = PBXShellScriptBuildPhase;
			buildActionMask = 2147483647;
			files = (
			);
			inputFileListPaths = (
			);
			inputPaths = (
				"${SRCROOT}/Pods/Target Support Files/Pods-Cazaar/Pods-Cazaar-frameworks.sh",
				"${BUILT_PRODUCTS_DIR}/Alamofire/Alamofire.framework",
			);
			name = "[CP] Embed Pods Frameworks";
			outputFileListPaths = (
			);
			outputPaths = (
				"${TARGET_BUILD_DIR}/${FRAMEWORKS_FOLDER_PATH}/Alamofire.framework",
			);
			runOnlyForDeploymentPostprocessing = 0;
			shellPath = /bin/sh;
			shellScript = "\"${SRCROOT}/Pods/Target Support Files/Pods-Cazaar/Pods-Cazaar-frameworks.sh\"\n";
			showEnvVarsInLog = 0;
		};
		C1AA5FA8E5716C0FAFC76A4E /* [CP] Check Pods Manifest.lock */ = {
			isa = PBXShellScriptBuildPhase;
			buildActionMask = 2147483647;
			files = (
			);
			inputFileListPaths = (
			);
			inputPaths = (
				"${PODS_PODFILE_DIR_PATH}/Podfile.lock",
				"${PODS_ROOT}/Manifest.lock",
			);
			name = "[CP] Check Pods Manifest.lock";
			outputFileListPaths = (
			);
			outputPaths = (
				"$(DERIVED_FILE_DIR)/Pods-Cazaar-checkManifestLockResult.txt",
			);
			runOnlyForDeploymentPostprocessing = 0;
			shellPath = /bin/sh;
			shellScript = "diff \"${PODS_PODFILE_DIR_PATH}/Podfile.lock\" \"${PODS_ROOT}/Manifest.lock\" > /dev/null\nif [ $? != 0 ] ; then\n    # print error to STDERR\n    echo \"error: The sandbox is not in sync with the Podfile.lock. Run 'pod install' or update your CocoaPods installation.\" >&2\n    exit 1\nfi\n# This output is used by Xcode 'outputs' to avoid re-running this script phase.\necho \"SUCCESS\" > \"${SCRIPT_OUTPUT_FILE_0}\"\n";
			showEnvVarsInLog = 0;
		};
/* End PBXShellScriptBuildPhase section */

/* Begin PBXSourcesBuildPhase section */
		FC81B62E23B5C84B00D1FC7E /* Sources */ = {
			isa = PBXSourcesBuildPhase;
			buildActionMask = 2147483647;
			files = (
				FCCADF9A23BF2B47003148A4 /* Management.swift in Sources */,
				FCCADF9E23C321A9003148A4 /* Post.swift in Sources */,
				FC81B65023B5CB0800D1FC7E /* FindViewController.swift in Sources */,
				FC2CD26A23C4395D000F1316 /* PostViewController.swift in Sources */,
				FC81B64C23B5CA6A00D1FC7E /* TabViewController.swift in Sources */,
				FCCADFA023C3225F003148A4 /* System.swift in Sources */,
				FC1E42B723BDD48B0043701C /* Chat.swift in Sources */,
				FCCADF9C23C3060A003148A4 /* AddPostViewController.swift in Sources */,
				FCD5F7A123C73F60009D231C /* LogInViewController.swift in Sources */,
				FC81B63623B5C84B00D1FC7E /* AppDelegate.swift in Sources */,
				FCD5F7A323C745C8009D231C /* SignUpViewController.swift in Sources */,
				FCBFD00C23B5D34900BAB3DE /* ChatTableViewCell.swift in Sources */,
				FC81B64E23B5CAF500D1FC7E /* ChatViewController.swift in Sources */,
				FC81B65223B5CB1600D1FC7E /* SettingViewController.swift in Sources */,
				FC2CD26C23C462E2000F1316 /* PostTableViewCell.swift in Sources */,
				FCCADF9823BEF5C7003148A4 /* FindCollectionViewCell.swift in Sources */,
			);
			runOnlyForDeploymentPostprocessing = 0;
		};
/* End PBXSourcesBuildPhase section */

/* Begin PBXVariantGroup section */
		FC81B64023B5C85000D1FC7E /* LaunchScreen.storyboard */ = {
			isa = PBXVariantGroup;
			children = (
				FC81B64123B5C85100D1FC7E /* Base */,
			);
			name = LaunchScreen.storyboard;
			sourceTree = "<group>";
		};
/* End PBXVariantGroup section */

/* Begin XCBuildConfiguration section */
		FC81B64423B5C85100D1FC7E /* Debug */ = {
			isa = XCBuildConfiguration;
			buildSettings = {
				ALWAYS_SEARCH_USER_PATHS = NO;
				CLANG_ANALYZER_NONNULL = YES;
				CLANG_ANALYZER_NUMBER_OBJECT_CONVERSION = YES_AGGRESSIVE;
				CLANG_CXX_LANGUAGE_STANDARD = "gnu++14";
				CLANG_CXX_LIBRARY = "libc++";
				CLANG_ENABLE_MODULES = YES;
				CLANG_ENABLE_OBJC_ARC = YES;
				CLANG_ENABLE_OBJC_WEAK = YES;
				CLANG_WARN_BLOCK_CAPTURE_AUTORELEASING = YES;
				CLANG_WARN_BOOL_CONVERSION = YES;
				CLANG_WARN_COMMA = YES;
				CLANG_WARN_CONSTANT_CONVERSION = YES;
				CLANG_WARN_DEPRECATED_OBJC_IMPLEMENTATIONS = YES;
				CLANG_WARN_DIRECT_OBJC_ISA_USAGE = YES_ERROR;
				CLANG_WARN_DOCUMENTATION_COMMENTS = YES;
				CLANG_WARN_EMPTY_BODY = YES;
				CLANG_WARN_ENUM_CONVERSION = YES;
				CLANG_WARN_INFINITE_RECURSION = YES;
				CLANG_WARN_INT_CONVERSION = YES;
				CLANG_WARN_NON_LITERAL_NULL_CONVERSION = YES;
				CLANG_WARN_OBJC_IMPLICIT_RETAIN_SELF = YES;
				CLANG_WARN_OBJC_LITERAL_CONVERSION = YES;
				CLANG_WARN_OBJC_ROOT_CLASS = YES_ERROR;
				CLANG_WARN_RANGE_LOOP_ANALYSIS = YES;
				CLANG_WARN_STRICT_PROTOTYPES = YES;
				CLANG_WARN_SUSPICIOUS_MOVE = YES;
				CLANG_WARN_UNGUARDED_AVAILABILITY = YES_AGGRESSIVE;
				CLANG_WARN_UNREACHABLE_CODE = YES;
				CLANG_WARN__DUPLICATE_METHOD_MATCH = YES;
				COPY_PHASE_STRIP = NO;
				DEBUG_INFORMATION_FORMAT = dwarf;
				ENABLE_STRICT_OBJC_MSGSEND = YES;
				ENABLE_TESTABILITY = YES;
				GCC_C_LANGUAGE_STANDARD = gnu11;
				GCC_DYNAMIC_NO_PIC = NO;
				GCC_NO_COMMON_BLOCKS = YES;
				GCC_OPTIMIZATION_LEVEL = 0;
				GCC_PREPROCESSOR_DEFINITIONS = (
					"DEBUG=1",
					"$(inherited)",
				);
				GCC_WARN_64_TO_32_BIT_CONVERSION = YES;
				GCC_WARN_ABOUT_RETURN_TYPE = YES_ERROR;
				GCC_WARN_UNDECLARED_SELECTOR = YES;
				GCC_WARN_UNINITIALIZED_AUTOS = YES_AGGRESSIVE;
				GCC_WARN_UNUSED_FUNCTION = YES;
				GCC_WARN_UNUSED_VARIABLE = YES;
				IPHONEOS_DEPLOYMENT_TARGET = 13.2;
				MTL_ENABLE_DEBUG_INFO = INCLUDE_SOURCE;
				MTL_FAST_MATH = YES;
				ONLY_ACTIVE_ARCH = YES;
				SDKROOT = iphoneos;
				SWIFT_ACTIVE_COMPILATION_CONDITIONS = DEBUG;
				SWIFT_OPTIMIZATION_LEVEL = "-Onone";
			};
			name = Debug;
		};
		FC81B64523B5C85100D1FC7E /* Release */ = {
			isa = XCBuildConfiguration;
			buildSettings = {
				ALWAYS_SEARCH_USER_PATHS = NO;
				CLANG_ANALYZER_NONNULL = YES;
				CLANG_ANALYZER_NUMBER_OBJECT_CONVERSION = YES_AGGRESSIVE;
				CLANG_CXX_LANGUAGE_STANDARD = "gnu++14";
				CLANG_CXX_LIBRARY = "libc++";
				CLANG_ENABLE_MODULES = YES;
				CLANG_ENABLE_OBJC_ARC = YES;
				CLANG_ENABLE_OBJC_WEAK = YES;
				CLANG_WARN_BLOCK_CAPTURE_AUTORELEASING = YES;
				CLANG_WARN_BOOL_CONVERSION = YES;
				CLANG_WARN_COMMA = YES;
				CLANG_WARN_CONSTANT_CONVERSION = YES;
				CLANG_WARN_DEPRECATED_OBJC_IMPLEMENTATIONS = YES;
				CLANG_WARN_DIRECT_OBJC_ISA_USAGE = YES_ERROR;
				CLANG_WARN_DOCUMENTATION_COMMENTS = YES;
				CLANG_WARN_EMPTY_BODY = YES;
				CLANG_WARN_ENUM_CONVERSION = YES;
				CLANG_WARN_INFINITE_RECURSION = YES;
				CLANG_WARN_INT_CONVERSION = YES;
				CLANG_WARN_NON_LITERAL_NULL_CONVERSION = YES;
				CLANG_WARN_OBJC_IMPLICIT_RETAIN_SELF = YES;
				CLANG_WARN_OBJC_LITERAL_CONVERSION = YES;
				CLANG_WARN_OBJC_ROOT_CLASS = YES_ERROR;
				CLANG_WARN_RANGE_LOOP_ANALYSIS = YES;
				CLANG_WARN_STRICT_PROTOTYPES = YES;
				CLANG_WARN_SUSPICIOUS_MOVE = YES;
				CLANG_WARN_UNGUARDED_AVAILABILITY = YES_AGGRESSIVE;
				CLANG_WARN_UNREACHABLE_CODE = YES;
				CLANG_WARN__DUPLICATE_METHOD_MATCH = YES;
				COPY_PHASE_STRIP = NO;
				DEBUG_INFORMATION_FORMAT = "dwarf-with-dsym";
				ENABLE_NS_ASSERTIONS = NO;
				ENABLE_STRICT_OBJC_MSGSEND = YES;
				GCC_C_LANGUAGE_STANDARD = gnu11;
				GCC_NO_COMMON_BLOCKS = YES;
				GCC_WARN_64_TO_32_BIT_CONVERSION = YES;
				GCC_WARN_ABOUT_RETURN_TYPE = YES_ERROR;
				GCC_WARN_UNDECLARED_SELECTOR = YES;
				GCC_WARN_UNINITIALIZED_AUTOS = YES_AGGRESSIVE;
				GCC_WARN_UNUSED_FUNCTION = YES;
				GCC_WARN_UNUSED_VARIABLE = YES;
				IPHONEOS_DEPLOYMENT_TARGET = 13.2;
				MTL_ENABLE_DEBUG_INFO = NO;
				MTL_FAST_MATH = YES;
				SDKROOT = iphoneos;
				SWIFT_COMPILATION_MODE = wholemodule;
				SWIFT_OPTIMIZATION_LEVEL = "-O";
				VALIDATE_PRODUCT = YES;
			};
			name = Release;
		};
		FC81B64723B5C85100D1FC7E /* Debug */ = {
			isa = XCBuildConfiguration;
			baseConfigurationReference = 70AE89A806CC4E8C3C1D785B /* Pods-Cazaar.debug.xcconfig */;
			buildSettings = {
				ASSETCATALOG_COMPILER_APPICON_NAME = AppIcon;
				CODE_SIGN_STYLE = Automatic;
				DEVELOPMENT_ASSET_PATHS = "\"Cazaar/Preview Content\"";
				DEVELOPMENT_TEAM = UL3P7FR3FP;
				ENABLE_PREVIEWS = YES;
				INFOPLIST_FILE = Cazaar/Info.plist;
				IPHONEOS_DEPLOYMENT_TARGET = 11.0;
				LD_RUNPATH_SEARCH_PATHS = (
					"$(inherited)",
					"@executable_path/Frameworks",
				);
				PRODUCT_BUNDLE_IDENTIFIER = com.5iduoduo.Cazaar;
				PRODUCT_NAME = "$(TARGET_NAME)";
				SWIFT_VERSION = 5.0;
				TARGETED_DEVICE_FAMILY = "1,2";
			};
			name = Debug;
		};
		FC81B64823B5C85100D1FC7E /* Release */ = {
			isa = XCBuildConfiguration;
			baseConfigurationReference = EBD409D9F09CEB1166DE466F /* Pods-Cazaar.release.xcconfig */;
			buildSettings = {
				ASSETCATALOG_COMPILER_APPICON_NAME = AppIcon;
				CODE_SIGN_STYLE = Automatic;
				DEVELOPMENT_ASSET_PATHS = "\"Cazaar/Preview Content\"";
				DEVELOPMENT_TEAM = UL3P7FR3FP;
				ENABLE_PREVIEWS = YES;
				INFOPLIST_FILE = Cazaar/Info.plist;
				IPHONEOS_DEPLOYMENT_TARGET = 11.0;
				LD_RUNPATH_SEARCH_PATHS = (
					"$(inherited)",
					"@executable_path/Frameworks",
				);
				PRODUCT_BUNDLE_IDENTIFIER = com.5iduoduo.Cazaar;
				PRODUCT_NAME = "$(TARGET_NAME)";
				SWIFT_VERSION = 5.0;
				TARGETED_DEVICE_FAMILY = "1,2";
			};
			name = Release;
		};
/* End XCBuildConfiguration section */

/* Begin XCConfigurationList section */
		FC81B62D23B5C84A00D1FC7E /* Build configuration list for PBXProject "Cazaar" */ = {
			isa = XCConfigurationList;
			buildConfigurations = (
				FC81B64423B5C85100D1FC7E /* Debug */,
				FC81B64523B5C85100D1FC7E /* Release */,
			);
			defaultConfigurationIsVisible = 0;
			defaultConfigurationName = Release;
		};
		FC81B64623B5C85100D1FC7E /* Build configuration list for PBXNativeTarget "Cazaar" */ = {
			isa = XCConfigurationList;
			buildConfigurations = (
				FC81B64723B5C85100D1FC7E /* Debug */,
				FC81B64823B5C85100D1FC7E /* Release */,
			);
			defaultConfigurationIsVisible = 0;
			defaultConfigurationName = Release;
		};
/* End XCConfigurationList section */
	};
	rootObject = FC81B62A23B5C84A00D1FC7E /* Project object */;
}
